# This file is autogenerated, do not edit; changes may be undone by the next 'dep ensure'.


[[projects]]
  name = "github.com/boltdb/bolt"
  packages = ["."]
  revision = "2f1ce7a837dcb8da3ec595b1dac9d0632f0f99e8"
  version = "v1.3.1"

[[projects]]
  name = "github.com/cayleygraph/cayley"
  packages = [".","clog","graph","graph/bolt","graph/iterator","graph/memstore","graph/memstore/b","graph/path","graph/proto","quad","quad/pquads","quad/pquads/pio","voc","voc/schema","writer"]
  revision = "c33467000f64158c88c3031d221e5d21b504aa66"
  version = "v0.6.1"

[[projects]]
  name = "github.com/gogo/protobuf"
  packages = ["gogoproto","proto","protoc-gen-gogo/descriptor"]
  revision = "100ba4e885062801d56799d78530b73b178a78f3"
  version = "v0.4"

[[projects]]
  name = "github.com/pborman/uuid"
  packages = ["."]
  revision = "e790cca94e6cc75c7064b1332e63811d4aae1a53"
  version = "v1.1"

[[projects]]
  branch = "master"
  name = "golang.org/x/net"
  packages = ["context"]
  revision = "8351a756f30f1297fe94bbf4b767ec589c6ea6d0"

[[projects]]
  branch = "master"
  name = "golang.org/x/sys"
  packages = ["unix"]
  revision = "b6e1ae21643682ce023deb8d152024597b0e9bb4"

[solve-meta]
  analyzer-name = "dep"
  analyzer-version = 1
  inputs-digest = "ce855bc94a130cb09c0dec38c22cbf1f13a194bfcc6667e40bc936a0d4889e6d"
  solver-name = "gps-cdcl"
  solver-version = 1
